
Microsoft Visual Studio Solution File, Format Version 12.00
# Visual Studio Version 16
VisualStudioVersion = 16.0.30128.74
MinimumVisualStudioVersion = 10.0.40219.1
Project("{9A19103F-16F7-4668-BE54-9A1E7A4F7556}") = "Functions.Test", "Functions.Test.csproj", "{B918D5C6-2B9E-4D01-BF84-13F231603F9E}"
EndProject
Global
	GlobalSection(SolutionConfigurationPlatforms) = preSolution
		Debug|Any CPU = Debug|Any CPU
		Release|Any CPU = Release|Any CPU
	EndGlobalSection
	GlobalSection(ProjectConfigurationPlatforms) = postSolution
		{B918D5C6-2B9E-4D01-BF84-13F231603F9E}.Debug|Any CPU.ActiveCfg = Debug|Any CPU
		{B918D5C6-2B9E-4D01-BF84-13F231603F9E}.Debug|Any CPU.Build.0 = Debug|Any CPU
		{B918D5C6-2B9E-4D01-BF84-13F231603F9E}.Release|Any CPU.ActiveCfg = Release|Any CPU
		{B918D5C6-2B9E-4D01-BF84-13F231603F9E}.Release|Any CPU.Build.0 = Release|Any CPU
	EndGlobalSection
	GlobalSection(SolutionProperties) = preSolution
		HideSolutionNode = FALSE
	EndGlobalSection
	GlobalSection(ExtensibilityGlobals) = postSolution
		SolutionGuid = {79C14470-E2DE-41A7-9D87-7E7CF18F6980}
	EndGlobalSection
EndGlobal
